
Microsoft Visual Studio Solution File, Format Version 12.00
# Visual Studio Version 16
VisualStudioVersion = 16.0.34729.46
MinimumVisualStudioVersion = 10.0.40219.1
Project("{FAE04EC0-301F-11D3-BF4B-00C04F79EFBC}") = "DaZieRange Appointment System", "DaZieRange Appointment System.csproj", "{C59F376E-5133-4CC7-9BFF-09220692AC16}"
EndProject
Global
	GlobalSection(SolutionConfigurationPlatforms) = preSolution
		Debug|Any CPU = Debug|Any CPU
		Release|Any CPU = Release|Any CPU
	EndGlobalSection
	GlobalSection(ProjectConfigurationPlatforms) = postSolution
		{C59F376E-5133-4CC7-9BFF-09220692AC16}.Debug|Any CPU.ActiveCfg = Debug|Any CPU
		{C59F376E-5133-4CC7-9BFF-09220692AC16}.Debug|Any CPU.Build.0 = Debug|Any CPU
		{C59F376E-5133-4CC7-9BFF-09220692AC16}.Release|Any CPU.ActiveCfg = Release|Any CPU
		{C59F376E-5133-4CC7-9BFF-09220692AC16}.Release|Any CPU.Build.0 = Release|Any CPU
	EndGlobalSection
	GlobalSection(SolutionProperties) = preSolution
		HideSolutionNode = FALSE
	EndGlobalSection
	GlobalSection(ExtensibilityGlobals) = postSolution
		SolutionGuid = {BDE2FE6A-747F-41DA-9D1F-A98CE031733F}
	EndGlobalSection
EndGlobal
